
Microsoft Visual Studio Solution File, Format Version 12.00
# Visual Studio Version 17
VisualStudioVersion = 17.3.32825.248
MinimumVisualStudioVersion = 10.0.40219.1
Project("{FAE04EC0-301F-11D3-BF4B-00C04F79EFBC}") = "MyFirstGitHub", "MyFirstGitHub\MyFirstGitHub.csproj", "{BEB354AC-7FD3-4BDD-B8BA-9C6F5C29399D}"
EndProject
Global
	GlobalSection(SolutionConfigurationPlatforms) = preSolution
		Debug|Any CPU = Debug|Any CPU
		Release|Any CPU = Release|Any CPU
	EndGlobalSection
	GlobalSection(ProjectConfigurationPlatforms) = postSolution
		{BEB354AC-7FD3-4BDD-B8BA-9C6F5C29399D}.Debug|Any CPU.ActiveCfg = Debug|Any CPU
		{BEB354AC-7FD3-4BDD-B8BA-9C6F5C29399D}.Debug|Any CPU.Build.0 = Debug|Any CPU
		{BEB354AC-7FD3-4BDD-B8BA-9C6F5C29399D}.Release|Any CPU.ActiveCfg = Release|Any CPU
		{BEB354AC-7FD3-4BDD-B8BA-9C6F5C29399D}.Release|Any CPU.Build.0 = Release|Any CPU
	EndGlobalSection
	GlobalSection(SolutionProperties) = preSolution
		HideSolutionNode = FALSE
	EndGlobalSection
	GlobalSection(ExtensibilityGlobals) = postSolution
		SolutionGuid = {0FA065A1-43A3-4B81-9871-4EFEFA8D4CB4}
	EndGlobalSection
EndGlobal
